// !$*UTF8*$!
{
	archiveVersion = 1;
	classes = {
	};
	objectVersion = 55;
	objects = {

/* Begin PBXBuildFile section */
		F69D6F902806AFD600072DBF /* AppDelegate.swift in Sources */ = {isa = PBXBuildFile; fileRef = F69D6F8F2806AFD600072DBF /* AppDelegate.swift */; };
		F69D6F922806AFD600072DBF /* SceneDelegate.swift in Sources */ = {isa = PBXBuildFile; fileRef = F69D6F912806AFD600072DBF /* SceneDelegate.swift */; };
		F69D6F942806AFD600072DBF /* ViewController.swift in Sources */ = {isa = PBXBuildFile; fileRef = F69D6F932806AFD600072DBF /* ViewController.swift */; };
		F69D6F972806AFD600072DBF /* Main.storyboard in Resources */ = {isa = PBXBuildFile; fileRef = F69D6F952806AFD600072DBF /* Main.storyboard */; };
		F69D6F9A2806AFD600072DBF /* Food_Planner.xcdatamodeld in Sources */ = {isa = PBXBuildFile; fileRef = F69D6F982806AFD600072DBF /* Food_Planner.xcdatamodeld */; };
		F69D6F9C2806AFDD00072DBF /* Assets.xcassets in Resources */ = {isa = PBXBuildFile; fileRef = F69D6F9B2806AFDD00072DBF /* Assets.xcassets */; };
		F69D6F9F2806AFDD00072DBF /* LaunchScreen.storyboard in Resources */ = {isa = PBXBuildFile; fileRef = F69D6F9D2806AFDD00072DBF /* LaunchScreen.storyboard */; };
		F69D6FAA2806AFDE00072DBF /* Food_PlannerTests.swift in Sources */ = {isa = PBXBuildFile; fileRef = F69D6FA92806AFDE00072DBF /* Food_PlannerTests.swift */; };
		F69D6FB42806AFDE00072DBF /* Food_PlannerUITests.swift in Sources */ = {isa = PBXBuildFile; fileRef = F69D6FB32806AFDE00072DBF /* Food_PlannerUITests.swift */; };
		F69D6FB62806AFDE00072DBF /* Food_PlannerUITestsLaunchTests.swift in Sources */ = {isa = PBXBuildFile; fileRef = F69D6FB52806AFDE00072DBF /* Food_PlannerUITestsLaunchTests.swift */; };
/* End PBXBuildFile section */

/* Begin PBXContainerItemProxy section */
		F69D6FA62806AFDE00072DBF /* PBXContainerItemProxy */ = {
			isa = PBXContainerItemProxy;
			containerPortal = F69D6F842806AFD600072DBF /* Project object */;
			proxyType = 1;
			remoteGlobalIDString = F69D6F8B2806AFD600072DBF;
			remoteInfo = "Food Planner";
		};
		F69D6FB02806AFDE00072DBF /* PBXContainerItemProxy */ = {
			isa = PBXContainerItemProxy;
			containerPortal = F69D6F842806AFD600072DBF /* Project object */;
			proxyType = 1;
			remoteGlobalIDString = F69D6F8B2806AFD600072DBF;
			remoteInfo = "Food Planner";
		};
/* End PBXContainerItemProxy section */

/* Begin PBXFileReference section */
		F69D6F8C2806AFD600072DBF /* Food Planner.app */ = {isa = PBXFileReference; explicitFileType = wrapper.application; includeInIndex = 0; path = "Food Planner.app"; sourceTree = BUILT_PRODUCTS_DIR; };
		F69D6F8F2806AFD600072DBF /* AppDelegate.swift */ = {isa = PBXFileReference; lastKnownFileType = sourcecode.swift; path = AppDelegate.swift; sourceTree = "<group>"; };
		F69D6F912806AFD600072DBF /* SceneDelegate.swift */ = {isa = PBXFileReference; lastKnownFileType = sourcecode.swift; path = SceneDelegate.swift; sourceTree = "<group>"; };
		F69D6F932806AFD600072DBF /* ViewController.swift */ = {isa = PBXFileReference; lastKnownFileType = sourcecode.swift; path = ViewController.swift; sourceTree = "<group>"; };
		F69D6F962806AFD600072DBF /* Base */ = {isa = PBXFileReference; lastKnownFileType = file.storyboard; name = Base; path = Base.lproj/Main.storyboard; sourceTree = "<group>"; };
		F69D6F992806AFD600072DBF /* Food_Planner.xcdatamodel */ = {isa = PBXFileReference; lastKnownFileType = wrapper.xcdatamodel; path = Food_Planner.xcdatamodel; sourceTree = "<group>"; };
		F69D6F9B2806AFDD00072DBF /* Assets.xcassets */ = {isa = PBXFileReference; lastKnownFileType = folder.assetcatalog; path = Assets.xcassets; sourceTree = "<group>"; };
		F69D6F9E2806AFDD00072DBF /* Base */ = {isa = PBXFileReference; lastKnownFileType = file.storyboard; name = Base; path = Base.lproj/LaunchScreen.storyboard; sourceTree = "<group>"; };
		F69D6FA02806AFDD00072DBF /* Info.plist */ = {isa = PBXFileReference; lastKnownFileType = text.plist.xml; path = Info.plist; sourceTree = "<group>"; };
		F69D6FA52806AFDE00072DBF /* Food PlannerTests.xctest */ = {isa = PBXFileReference; explicitFileType = wrapper.cfbundle; includeInIndex = 0; path = "Food PlannerTests.xctest"; sourceTree = BUILT_PRODUCTS_DIR; };
		F69D6FA92806AFDE00072DBF /* Food_PlannerTests.swift */ = {isa = PBXFileReference; lastKnownFileType = sourcecode.swift; path = Food_PlannerTests.swift; sourceTree = "<group>"; };
		F69D6FAF2806AFDE00072DBF /* Food PlannerUITests.xctest */ = {isa = PBXFileReference; explicitFileType = wrapper.cfbundle; includeInIndex = 0; path = "Food PlannerUITests.xctest"; sourceTree = BUILT_PRODUCTS_DIR; };
		F69D6FB32806AFDE00072DBF /* Food_PlannerUITests.swift */ = {isa = PBXFileReference; lastKnownFileType = sourcecode.swift; path = Food_PlannerUITests.swift; sourceTree = "<group>"; };
		F69D6FB52806AFDE00072DBF /* Food_PlannerUITestsLaunchTests.swift */ = {isa = PBXFileReference; lastKnownFileType = sourcecode.swift; path = Food_PlannerUITestsLaunchTests.swift; sourceTree = "<group>"; };
/* End PBXFileReference section */

/* Begin PBXFrameworksBuildPhase section */
		F69D6F892806AFD600072DBF /* Frameworks */ = {
			isa = PBXFrameworksBuildPhase;
			buildActionMask = 2147483647;
			files = (
			);
			runOnlyForDeploymentPostprocessing = 0;
		};
		F69D6FA22806AFDE00072DBF /* Frameworks */ = {
			isa = PBXFrameworksBuildPhase;
			buildActionMask = 2147483647;
			files = (
			);
			runOnlyForDeploymentPostprocessing = 0;
		};
		F69D6FAC2806AFDE00072DBF /* Frameworks */ = {
			isa = PBXFrameworksBuildPhase;
			buildActionMask = 2147483647;
			files = (
			);
			runOnlyForDeploymentPostprocessing = 0;
		};
/* End PBXFrameworksBuildPhase section */

/* Begin PBXGroup section */
		F69D6F832806AFD600072DBF = {
			isa = PBXGroup;
			children = (
				F69D6F8E2806AFD600072DBF /* Food Planner */,
				F69D6FA82806AFDE00072DBF /* Food PlannerTests */,
				F69D6FB22806AFDE00072DBF /* Food PlannerUITests */,
				F69D6F8D2806AFD600072DBF /* Products */,
			);
			sourceTree = "<group>";
		};
		F69D6F8D2806AFD600072DBF /* Products */ = {
			isa = PBXGroup;
			children = (
				F69D6F8C2806AFD600072DBF /* Food Planner.app */,
				F69D6FA52806AFDE00072DBF /* Food PlannerTests.xctest */,
				F69D6FAF2806AFDE00072DBF /* Food PlannerUITests.xctest */,
			);
			name = Products;
			sourceTree = "<group>";
		};
		F69D6F8E2806AFD600072DBF /* Food Planner */ = {
			isa = PBXGroup;
			children = (
				F69D6F8F2806AFD600072DBF /* AppDelegate.swift */,
				F69D6F912806AFD600072DBF /* SceneDelegate.swift */,
				F69D6F932806AFD600072DBF /* ViewController.swift */,
				F69D6F952806AFD600072DBF /* Main.storyboard */,
				F69D6F9B2806AFDD00072DBF /* Assets.xcassets */,
				F69D6F9D2806AFDD00072DBF /* LaunchScreen.storyboard */,
				F69D6FA02806AFDD00072DBF /* Info.plist */,
				F69D6F982806AFD600072DBF /* Food_Planner.xcdatamodeld */,
			);
			path = "Food Planner";
			sourceTree = "<group>";
		};
		F69D6FA82806AFDE00072DBF /* Food PlannerTests */ = {
			isa = PBXGroup;
			children = (
				F69D6FA92806AFDE00072DBF /* Food_PlannerTests.swift */,
			);
			path = "Food PlannerTests";
			sourceTree = "<group>";
		};
		F69D6FB22806AFDE00072DBF /* Food PlannerUITests */ = {
			isa = PBXGroup;
			children = (
				F69D6FB32806AFDE00072DBF /* Food_PlannerUITests.swift */,
				F69D6FB52806AFDE00072DBF /* Food_PlannerUITestsLaunchTests.swift */,
			);
			path = "Food PlannerUITests";
			sourceTree = "<group>";
		};
/* End PBXGroup section */

/* Begin PBXNativeTarget section */
		F69D6F8B2806AFD600072DBF /* Food Planner */ = {
			isa = PBXNativeTarget;
			buildConfigurationList = F69D6FB92806AFDE00072DBF /* Build configuration list for PBXNativeTarget "Food Planner" */;
			buildPhases = (
				F69D6F882806AFD600072DBF /* Sources */,
				F69D6F892806AFD600072DBF /* Frameworks */,
				F69D6F8A2806AFD600072DBF /* Resources */,
			);
			buildRules = (
			);
			dependencies = (
			);
			name = "Food Planner";
			productName = "Food Planner";
			productReference = F69D6F8C2806AFD600072DBF /* Food Planner.app */;
			productType = "com.apple.product-type.application";
		};
		F69D6FA42806AFDE00072DBF /* Food PlannerTests */ = {
			isa = PBXNativeTarget;
			buildConfigurationList = F69D6FBC2806AFDE00072DBF /* Build configuration list for PBXNativeTarget "Food PlannerTests" */;
			buildPhases = (
				F69D6FA12806AFDE00072DBF /* Sources */,
				F69D6FA22806AFDE00072DBF /* Frameworks */,
				F69D6FA32806AFDE00072DBF /* Resources */,
			);
			buildRules = (
			);
			dependencies = (
				F69D6FA72806AFDE00072DBF /* PBXTargetDependency */,
			);
			name = "Food PlannerTests";
			productName = "Food PlannerTests";
			productReference = F69D6FA52806AFDE00072DBF /* Food PlannerTests.xctest */;
			productType = "com.apple.product-type.bundle.unit-test";
		};
		F69D6FAE2806AFDE00072DBF /* Food PlannerUITests */ = {
			isa = PBXNativeTarget;
			buildConfigurationList = F69D6FBF2806AFDE00072DBF /* Build configuration list for PBXNativeTarget "Food PlannerUITests" */;
			buildPhases = (
				F69D6FAB2806AFDE00072DBF /* Sources */,
				F69D6FAC2806AFDE00072DBF /* Frameworks */,
				F69D6FAD2806AFDE00072DBF /* Resources */,
			);
			buildRules = (
			);
			dependencies = (
				F69D6FB12806AFDE00072DBF /* PBXTargetDependency */,
			);
			name = "Food PlannerUITests";
			productName = "Food PlannerUITests";
			productReference = F69D6FAF2806AFDE00072DBF /* Food PlannerUITests.xctest */;
			productType = "com.apple.product-type.bundle.ui-testing";
		};
/* End PBXNativeTarget section */

/* Begin PBXProject section */
		F69D6F842806AFD600072DBF /* Project object */ = {
			isa = PBXProject;
			attributes = {
				BuildIndependentTargetsInParallel = 1;
				LastSwiftUpdateCheck = 1330;
				LastUpgradeCheck = 1330;
				TargetAttributes = {
					F69D6F8B2806AFD600072DBF = {
						CreatedOnToolsVersion = 13.3.1;
					};
					F69D6FA42806AFDE00072DBF = {
						CreatedOnToolsVersion = 13.3.1;
						TestTargetID = F69D6F8B2806AFD600072DBF;
					};
					F69D6FAE2806AFDE00072DBF = {
						CreatedOnToolsVersion = 13.3.1;
						TestTargetID = F69D6F8B2806AFD600072DBF;
					};
				};
			};
			buildConfigurationList = F69D6F872806AFD600072DBF /* Build configuration list for PBXProject "Food Planner" */;
			compatibilityVersion = "Xcode 13.0";
			developmentRegion = en;
			hasScannedForEncodings = 0;
			knownRegions = (
				en,
				Base,
			);
			mainGroup = F69D6F832806AFD600072DBF;
			productRefGroup = F69D6F8D2806AFD600072DBF /* Products */;
			projectDirPath = "";
			projectRoot = "";
			targets = (
				F69D6F8B2806AFD600072DBF /* Food Planner */,
				F69D6FA42806AFDE00072DBF /* Food PlannerTests */,
				F69D6FAE2806AFDE00072DBF /* Food PlannerUITests */,
			);
		};
/* End PBXProject section */

/* Begin PBXResourcesBuildPhase section */
		F69D6F8A2806AFD600072DBF /* Resources */ = {
			isa = PBXResourcesBuildPhase;
			buildActionMask = 2147483647;
			files = (
				F69D6F9F2806AFDD00072DBF /* LaunchScreen.storyboard in Resources */,
				F69D6F9C2806AFDD00072DBF /* Assets.xcassets in Resources */,
				F69D6F972806AFD600072DBF /* Main.storyboard in Resources */,
			);
			runOnlyForDeploymentPostprocessing = 0;
		};
		F69D6FA32806AFDE00072DBF /* Resources */ = {
			isa = PBXResourcesBuildPhase;
			buildActionMask = 2147483647;
			files = (
			);
			runOnlyForDeploymentPostprocessing = 0;
		};
		F69D6FAD2806AFDE00072DBF /* Resources */ = {
			isa = PBXResourcesBuildPhase;
			buildActionMask = 2147483647;
			files = (
			);
			runOnlyForDeploymentPostprocessing = 0;
		};
/* End PBXResourcesBuildPhase section */

/* Begin PBXSourcesBuildPhase section */
		F69D6F882806AFD600072DBF /* Sources */ = {
			isa = PBXSourcesBuildPhase;
			buildActionMask = 2147483647;
			files = (
				F69D6F9A2806AFD600072DBF /* Food_Planner.xcdatamodeld in Sources */,
				F69D6F942806AFD600072DBF /* ViewController.swift in Sources */,
				F69D6F902806AFD600072DBF /* AppDelegate.swift in Sources */,
				F69D6F922806AFD600072DBF /* SceneDelegate.swift in Sources */,
			);
			runOnlyForDeploymentPostprocessing = 0;
		};
		F69D6FA12806AFDE00072DBF /* Sources */ = {
			isa = PBXSourcesBuildPhase;
			buildActionMask = 2147483647;
			files = (
				F69D6FAA2806AFDE00072DBF /* Food_PlannerTests.swift in Sources */,
			);
			runOnlyForDeploymentPostprocessing = 0;
		};
		F69D6FAB2806AFDE00072DBF /* Sources */ = {
			isa = PBXSourcesBuildPhase;
			buildActionMask = 2147483647;
			files = (
				F69D6FB42806AFDE00072DBF /* Food_PlannerUITests.swift in Sources */,
				F69D6FB62806AFDE00072DBF /* Food_PlannerUITestsLaunchTests.swift in Sources */,
			);
			runOnlyForDeploymentPostprocessing = 0;
		};
/* End PBXSourcesBuildPhase section */

/* Begin PBXTargetDependency section */
		F69D6FA72806AFDE00072DBF /* PBXTargetDependency */ = {
			isa = PBXTargetDependency;
			target = F69D6F8B2806AFD600072DBF /* Food Planner */;
			targetProxy = F69D6FA62806AFDE00072DBF /* PBXContainerItemProxy */;
		};
		F69D6FB12806AFDE00072DBF /* PBXTargetDependency */ = {
			isa = PBXTargetDependency;
			target = F69D6F8B2806AFD600072DBF /* Food Planner */;
			targetProxy = F69D6FB02806AFDE00072DBF /* PBXContainerItemProxy */;
		};
/* End PBXTargetDependency section */

/* Begin PBXVariantGroup section */
		F69D6F952806AFD600072DBF /* Main.storyboard */ = {
			isa = PBXVariantGroup;
			children = (
				F69D6F962806AFD600072DBF /* Base */,
			);
			name = Main.storyboard;
			sourceTree = "<group>";
		};
		F69D6F9D2806AFDD00072DBF /* LaunchScreen.storyboard */ = {
			isa = PBXVariantGroup;
			children = (
				F69D6F9E2806AFDD00072DBF /* Base */,
			);
			name = LaunchScreen.storyboard;
			sourceTree = "<group>";
		};
/* End PBXVariantGroup section */

/* Begin XCBuildConfiguration section */
		F69D6FB72806AFDE00072DBF /* Debug */ = {
			isa = XCBuildConfiguration;
			buildSettings = {
				ALWAYS_SEARCH_USER_PATHS = NO;
				CLANG_ANALYZER_NONNULL = YES;
				CLANG_ANALYZER_NUMBER_OBJECT_CONVERSION = YES_AGGRESSIVE;
				CLANG_CXX_LANGUAGE_STANDARD = "gnu++17";
				CLANG_ENABLE_MODULES = YES;
				CLANG_ENABLE_OBJC_ARC = YES;
				CLANG_ENABLE_OBJC_WEAK = YES;
				CLANG_WARN_BLOCK_CAPTURE_AUTORELEASING = YES;
				CLANG_WARN_BOOL_CONVERSION = YES;
				CLANG_WARN_COMMA = YES;
				CLANG_WARN_CONSTANT_CONVERSION = YES;
				CLANG_WARN_DEPRECATED_OBJC_IMPLEMENTATIONS = YES;
				CLANG_WARN_DIRECT_OBJC_ISA_USAGE = YES_ERROR;
				CLANG_WARN_DOCUMENTATION_COMMENTS = YES;
				CLANG_WARN_EMPTY_BODY = YES;
				CLANG_WARN_ENUM_CONVERSION = YES;
				CLANG_WARN_INFINITE_RECURSION = YES;
				CLANG_WARN_INT_CONVERSION = YES;
				CLANG_WARN_NON_LITERAL_NULL_CONVERSION = YES;
				CLANG_WARN_OBJC_IMPLICIT_RETAIN_SELF = YES;
				CLANG_WARN_OBJC_LITERAL_CONVERSION = YES;
				CLANG_WARN_OBJC_ROOT_CLASS = YES_ERROR;
				CLANG_WARN_QUOTED_INCLUDE_IN_FRAMEWORK_HEADER = YES;
				CLANG_WARN_RANGE_LOOP_ANALYSIS = YES;
				CLANG_WARN_STRICT_PROTOTYPES = YES;
				CLANG_WARN_SUSPICIOUS_MOVE = YES;
				CLANG_WARN_UNGUARDED_AVAILABILITY = YES_AGGRESSIVE;
				CLANG_WARN_UNREACHABLE_CODE = YES;
				CLANG_WARN__DUPLICATE_METHOD_MATCH = YES;
				COPY_PHASE_STRIP = NO;
				DEBUG_INFORMATION_FORMAT = dwarf;
				ENABLE_STRICT_OBJC_MSGSEND = YES;
				ENABLE_TESTABILITY = YES;
				GCC_C_LANGUAGE_STANDARD = gnu11;
				GCC_DYNAMIC_NO_PIC = NO;
				GCC_NO_COMMON_BLOCKS = YES;
				GCC_OPTIMIZATION_LEVEL = 0;
				GCC_PREPROCESSOR_DEFINITIONS = (
					"DEBUG=1",
					"$(inherited)",
				);
				GCC_WARN_64_TO_32_BIT_CONVERSION = YES;
				GCC_WARN_ABOUT_RETURN_TYPE = YES_ERROR;
				GCC_WARN_UNDECLARED_SELECTOR = YES;
				GCC_WARN_UNINITIALIZED_AUTOS = YES_AGGRESSIVE;
				GCC_WARN_UNUSED_FUNCTION = YES;
				GCC_WARN_UNUSED_VARIABLE = YES;
				IPHONEOS_DEPLOYMENT_TARGET = 15.4;
				MTL_ENABLE_DEBUG_INFO = INCLUDE_SOURCE;
				MTL_FAST_MATH = YES;
				ONLY_ACTIVE_ARCH = YES;
				SDKROOT = iphoneos;
				SWIFT_ACTIVE_COMPILATION_CONDITIONS = DEBUG;
				SWIFT_OPTIMIZATION_LEVEL = "-Onone";
			};
			name = Debug;
		};
		F69D6FB82806AFDE00072DBF /* Release */ = {
			isa = XCBuildConfiguration;
			buildSettings = {
				ALWAYS_SEARCH_USER_PATHS = NO;
				CLANG_ANALYZER_NONNULL = YES;
				CLANG_ANALYZER_NUMBER_OBJECT_CONVERSION = YES_AGGRESSIVE;
				CLANG_CXX_LANGUAGE_STANDARD = "gnu++17";
				CLANG_ENABLE_MODULES = YES;
				CLANG_ENABLE_OBJC_ARC = YES;
				CLANG_ENABLE_OBJC_WEAK = YES;
				CLANG_WARN_BLOCK_CAPTURE_AUTORELEASING = YES;
				CLANG_WARN_BOOL_CONVERSION = YES;
				CLANG_WARN_COMMA = YES;
				CLANG_WARN_CONSTANT_CONVERSION = YES;
				CLANG_WARN_DEPRECATED_OBJC_IMPLEMENTATIONS = YES;
				CLANG_WARN_DIRECT_OBJC_ISA_USAGE = YES_ERROR;
				CLANG_WARN_DOCUMENTATION_COMMENTS = YES;
				CLANG_WARN_EMPTY_BODY = YES;
				CLANG_WARN_ENUM_CONVERSION = YES;
				CLANG_WARN_INFINITE_RECURSION = YES;
				CLANG_WARN_INT_CONVERSION = YES;
				CLANG_WARN_NON_LITERAL_NULL_CONVERSION = YES;
				CLANG_WARN_OBJC_IMPLICIT_RETAIN_SELF = YES;
				CLANG_WARN_OBJC_LITERAL_CONVERSION = YES;
				CLANG_WARN_OBJC_ROOT_CLASS = YES_ERROR;
				CLANG_WARN_QUOTED_INCLUDE_IN_FRAMEWORK_HEADER = YES;
				CLANG_WARN_RANGE_LOOP_ANALYSIS = YES;
				CLANG_WARN_STRICT_PROTOTYPES = YES;
				CLANG_WARN_SUSPICIOUS_MOVE = YES;
				CLANG_WARN_UNGUARDED_AVAILABILITY = YES_AGGRESSIVE;
				CLANG_WARN_UNREACHABLE_CODE = YES;
				CLANG_WARN__DUPLICATE_METHOD_MATCH = YES;
				COPY_PHASE_STRIP = NO;
				DEBUG_INFORMATION_FORMAT = "dwarf-with-dsym";
				ENABLE_NS_ASSERTIONS = NO;
				ENABLE_STRICT_OBJC_MSGSEND = YES;
				GCC_C_LANGUAGE_STANDARD = gnu11;
				GCC_NO_COMMON_BLOCKS = YES;
				GCC_WARN_64_TO_32_BIT_CONVERSION = YES;
				GCC_WARN_ABOUT_RETURN_TYPE = YES_ERROR;
				GCC_WARN_UNDECLARED_SELECTOR = YES;
				GCC_WARN_UNINITIALIZED_AUTOS = YES_AGGRESSIVE;
				GCC_WARN_UNUSED_FUNCTION = YES;
				GCC_WARN_UNUSED_VARIABLE = YES;
				IPHONEOS_DEPLOYMENT_TARGET = 15.4;
				MTL_ENABLE_DEBUG_INFO = NO;
				MTL_FAST_MATH = YES;
				SDKROOT = iphoneos;
				SWIFT_COMPILATION_MODE = wholemodule;
				SWIFT_OPTIMIZATION_LEVEL = "-O";
				VALIDATE_PRODUCT = YES;
			};
			name = Release;
		};
		F69D6FBA2806AFDE00072DBF /* Debug */ = {
			isa = XCBuildConfiguration;
			buildSettings = {
				ASSETCATALOG_COMPILER_APPICON_NAME = AppIcon;
				ASSETCATALOG_COMPILER_GLOBAL_ACCENT_COLOR_NAME = AccentColor;
				CODE_SIGN_STYLE = Automatic;
				CURRENT_PROJECT_VERSION = 1;
				DEVELOPMENT_TEAM = 8RNG5H9XNY;
				GENERATE_INFOPLIST_FILE = YES;
				INFOPLIST_FILE = "Food Planner/Info.plist";
				INFOPLIST_KEY_UIApplicationSupportsIndirectInputEvents = YES;
				INFOPLIST_KEY_UILaunchStoryboardName = LaunchScreen;
				INFOPLIST_KEY_UIMainStoryboardFile = Main;
				INFOPLIST_KEY_UISupportedInterfaceOrientations_iPad = "UIInterfaceOrientationPortrait UIInterfaceOrientationPortraitUpsideDown UIInterfaceOrientationLandscapeLeft UIInterfaceOrientationLandscapeRight";
				INFOPLIST_KEY_UISupportedInterfaceOrientations_iPhone = "UIInterfaceOrientationPortrait UIInterfaceOrientationLandscapeLeft UIInterfaceOrientationLandscapeRight";
				LD_RUNPATH_SEARCH_PATHS = (
					"$(inherited)",
					"@executable_path/Frameworks",
				);
				MARKETING_VERSION = 1.0;
				PRODUCT_BUNDLE_IDENTIFIER = "Don.Food-Planner";
				PRODUCT_NAME = "$(TARGET_NAME)";
				SWIFT_EMIT_LOC_STRINGS = YES;
				SWIFT_VERSION = 5.0;
				TARGETED_DEVICE_FAMILY = "1,2";
			};
			name = Debug;
		};
		F69D6FBB2806AFDE00072DBF /* Release */ = {
			isa = XCBuildConfiguration;
			buildSettings = {
				ASSETCATALOG_COMPILER_APPICON_NAME = AppIcon;
				ASSETCATALOG_COMPILER_GLOBAL_ACCENT_COLOR_NAME = AccentColor;
				CODE_SIGN_STYLE = Automatic;
				CURRENT_PROJECT_VERSION = 1;
				DEVELOPMENT_TEAM = 8RNG5H9XNY;
				GENERATE_INFOPLIST_FILE = YES;
				INFOPLIST_FILE = "Food Planner/Info.plist";
				INFOPLIST_KEY_UIApplicationSupportsIndirectInputEvents = YES;
				INFOPLIST_KEY_UILaunchStoryboardName = LaunchScreen;
				INFOPLIST_KEY_UIMainStoryboardFile = Main;
				INFOPLIST_KEY_UISupportedInterfaceOrientations_iPad = "UIInterfaceOrientationPortrait UIInterfaceOrientationPortraitUpsideDown UIInterfaceOrientationLandscapeLeft UIInterfaceOrientationLandscapeRight";
				INFOPLIST_KEY_UISupportedInterfaceOrientations_iPhone = "UIInterfaceOrientationPortrait UIInterfaceOrientationLandscapeLeft UIInterfaceOrientationLandscapeRight";
				LD_RUNPATH_SEARCH_PATHS = (
					"$(inherited)",
					"@executable_path/Frameworks",
				);
				MARKETING_VERSION = 1.0;
				PRODUCT_BUNDLE_IDENTIFIER = "Don.Food-Planner";
				PRODUCT_NAME = "$(TARGET_NAME)";
				SWIFT_EMIT_LOC_STRINGS = YES;
				SWIFT_VERSION = 5.0;
				TARGETED_DEVICE_FAMILY = "1,2";
			};
			name = Release;
		};
		F69D6FBD2806AFDE00072DBF /* Debug */ = {
			isa = XCBuildConfiguration;
			buildSettings = {
				ALWAYS_EMBED_SWIFT_STANDARD_LIBRARIES = YES;
				BUNDLE_LOADER = "$(TEST_HOST)";
				CODE_SIGN_STYLE = Automatic;
				CURRENT_PROJECT_VERSION = 1;
				DEVELOPMENT_TEAM = 8RNG5H9XNY;
				GENERATE_INFOPLIST_FILE = YES;
				IPHONEOS_DEPLOYMENT_TARGET = 15.4;
				MARKETING_VERSION = 1.0;
				PRODUCT_BUNDLE_IDENTIFIER = "Don.Food-PlannerTests";
				PRODUCT_NAME = "$(TARGET_NAME)";
				SWIFT_EMIT_LOC_STRINGS = NO;
				SWIFT_VERSION = 5.0;
				TARGETED_DEVICE_FAMILY = "1,2";
				TEST_HOST = "$(BUILT_PRODUCTS_DIR)/Food Planner.app/Food Planner";
			};
			name = Debug;
		};
		F69D6FBE2806AFDE00072DBF /* Release */ = {
			isa = XCBuildConfiguration;
			buildSettings = {
				ALWAYS_EMBED_SWIFT_STANDARD_LIBRARIES = YES;
				BUNDLE_LOADER = "$(TEST_HOST)";
				CODE_SIGN_STYLE = Automatic;
				CURRENT_PROJECT_VERSION = 1;
				DEVELOPMENT_TEAM = 8RNG5H9XNY;
				GENERATE_INFOPLIST_FILE = YES;
				IPHONEOS_DEPLOYMENT_TARGET = 15.4;
				MARKETING_VERSION = 1.0;
				PRODUCT_BUNDLE_IDENTIFIER = "Don.Food-PlannerTests";
				PRODUCT_NAME = "$(TARGET_NAME)";
				SWIFT_EMIT_LOC_STRINGS = NO;
				SWIFT_VERSION = 5.0;
				TARGETED_DEVICE_FAMILY = "1,2";
				TEST_HOST = "$(BUILT_PRODUCTS_DIR)/Food Planner.app/Food Planner";
			};
			name = Release;
		};
		F69D6FC02806AFDE00072DBF /* Debug */ = {
			isa = XCBuildConfiguration;
			buildSettings = {
				ALWAYS_EMBED_SWIFT_STANDARD_LIBRARIES = YES;
				CODE_SIGN_STYLE = Automatic;
				CURRENT_PROJECT_VERSION = 1;
				DEVELOPMENT_TEAM = 8RNG5H9XNY;
				GENERATE_INFOPLIST_FILE = YES;
				MARKETING_VERSION = 1.0;
				PRODUCT_BUNDLE_IDENTIFIER = "Don.Food-PlannerUITests";
				PRODUCT_NAME = "$(TARGET_NAME)";
				SWIFT_EMIT_LOC_STRINGS = NO;
				SWIFT_VERSION = 5.0;
				TARGETED_DEVICE_FAMILY = "1,2";
				TEST_TARGET_NAME = "Food Planner";
			};
			name = Debug;
		};
		F69D6FC12806AFDE00072DBF /* Release */ = {
			isa = XCBuildConfiguration;
			buildSettings = {
				ALWAYS_EMBED_SWIFT_STANDARD_LIBRARIES = YES;
				CODE_SIGN_STYLE = Automatic;
				CURRENT_PROJECT_VERSION = 1;
				DEVELOPMENT_TEAM = 8RNG5H9XNY;
				GENERATE_INFOPLIST_FILE = YES;
				MARKETING_VERSION = 1.0;
				PRODUCT_BUNDLE_IDENTIFIER = "Don.Food-PlannerUITests";
				PRODUCT_NAME = "$(TARGET_NAME)";
				SWIFT_EMIT_LOC_STRINGS = NO;
				SWIFT_VERSION = 5.0;
				TARGETED_DEVICE_FAMILY = "1,2";
				TEST_TARGET_NAME = "Food Planner";
			};
			name = Release;
		};
/* End XCBuildConfiguration section */

/* Begin XCConfigurationList section */
		F69D6F872806AFD600072DBF /* Build configuration list for PBXProject "Food Planner" */ = {
			isa = XCConfigurationList;
			buildConfigurations = (
				F69D6FB72806AFDE00072DBF /* Debug */,
				F69D6FB82806AFDE00072DBF /* Release */,
			);
			defaultConfigurationIsVisible = 0;
			defaultConfigurationName = Release;
		};
		F69D6FB92806AFDE00072DBF /* Build configuration list for PBXNativeTarget "Food Planner" */ = {
			isa = XCConfigurationList;
			buildConfigurations = (
				F69D6FBA2806AFDE00072DBF /* Debug */,
				F69D6FBB2806AFDE00072DBF /* Release */,
			);
			defaultConfigurationIsVisible = 0;
			defaultConfigurationName = Release;
		};
		F69D6FBC2806AFDE00072DBF /* Build configuration list for PBXNativeTarget "Food PlannerTests" */ = {
			isa = XCConfigurationList;
			buildConfigurations = (
				F69D6FBD2806AFDE00072DBF /* Debug */,
				F69D6FBE2806AFDE00072DBF /* Release */,
			);
			defaultConfigurationIsVisible = 0;
			defaultConfigurationName = Release;
		};
		F69D6FBF2806AFDE00072DBF /* Build configuration list for PBXNativeTarget "Food PlannerUITests" */ = {
			isa = XCConfigurationList;
			buildConfigurations = (
				F69D6FC02806AFDE00072DBF /* Debug */,
				F69D6FC12806AFDE00072DBF /* Release */,
			);
			defaultConfigurationIsVisible = 0;
			defaultConfigurationName = Release;
		};
/* End XCConfigurationList section */

/* Begin XCVersionGroup section */
		F69D6F982806AFD600072DBF /* Food_Planner.xcdatamodeld */ = {
			isa = XCVersionGroup;
			children = (
				F69D6F992806AFD600072DBF /* Food_Planner.xcdatamodel */,
			);
			currentVersion = F69D6F992806AFD600072DBF /* Food_Planner.xcdatamodel */;
			path = Food_Planner.xcdatamodeld;
			sourceTree = "<group>";
			versionGroupType = wrapper.xcdatamodel;
		};
/* End XCVersionGroup section */
	};
	rootObject = F69D6F842806AFD600072DBF /* Project object */;
}
